{
    "_readme": [
        "This file locks the dependencies of your project to a known state",
        "Read more about it at https://getcomposer.org/doc/01-basic-usage.md#composer-lock-the-lock-file",
        "This file is @generated automatically"
    ],
    "hash": "133e72300ec472e6e9b9ea94476be0c3",
    "content-hash": "7a4ce0478438a0103779e794e56ba77a",
    "packages": [
        {
            "name": "nlp-tools/nlp-tools",
            "version": "v0.1.1",
            "source": {
                "type": "git",
                "url": "https://github.com/angeloskath/php-nlp-tools.git",
                "reference": "4987c76e2ff3c635b6297baea92c0a003febdaba"
            },
            "dist": {
                "type": "zip",
                "url": "https://api.github.com/repos/angeloskath/php-nlp-tools/zipball/4987c76e2ff3c635b6297baea92c0a003febdaba",
                "reference": "4987c76e2ff3c635b6297baea92c0a003febdaba",
                "shasum": ""
            },
            "require": {
                "php": ">=5.3"
            },
            "type": "library",
            "extra": {
                "branch-alias": {
                    "dev-master": "1.0.x-dev"
                }
            },
            "autoload": {
                "psr-0": {
                    "NlpTools\\": "src/"
                }
            },
            "notification-url": "https://packagist.org/downloads/",
            "license": [
                "WTFPL"
            ],
            "authors": [
                {
                    "name": "Angelos Katharopoulos",
                    "email": "angelos@yourse.gr"
                }
            ],
            "description": "NlpTools is a set of php 5.3+ classes for beginner to semi advanced natural language processing work.",
            "keywords": [
                "machine learning",
                "nlp"
            ],
            "time": "2015-11-24 13:28:21"
        }
    ],
    "packages-dev": [],
    "aliases": [],
    "minimum-stability": "stable",
    "stability-flags": [],
    "prefer-stable": false,
    "prefer-lowest": false,
    "platform": [],
    "platform-dev": []
}
